
Microsoft Visual Studio Solution File, Format Version 12.00
# Visual Studio Version 17
VisualStudioVersion = 17.4.33213.308
MinimumVisualStudioVersion = 10.0.40219.1
Project("{8BC9CEB8-8B4A-11D0-8D11-00A0C91BC942}") = "ConsoleApplication1", "ConsoleApplication1\ConsoleApplication1.vcxproj", "{9CEA0996-31A6-4AF4-A2ED-1CA10B7A8A7A}"
EndProject
Global
	GlobalSection(SolutionConfigurationPlatforms) = preSolution
		Debug|x64 = Debug|x64
		Debug|x86 = Debug|x86
		Release|x64 = Release|x64
		Release|x86 = Release|x86
	EndGlobalSection
	GlobalSection(ProjectConfigurationPlatforms) = postSolution
		{9CEA0996-31A6-4AF4-A2ED-1CA10B7A8A7A}.Debug|x64.ActiveCfg = Debug|x64
		{9CEA0996-31A6-4AF4-A2ED-1CA10B7A8A7A}.Debug|x64.Build.0 = Debug|x64
		{9CEA0996-31A6-4AF4-A2ED-1CA10B7A8A7A}.Debug|x86.ActiveCfg = Debug|Win32
		{9CEA0996-31A6-4AF4-A2ED-1CA10B7A8A7A}.Debug|x86.Build.0 = Debug|Win32
		{9CEA0996-31A6-4AF4-A2ED-1CA10B7A8A7A}.Release|x64.ActiveCfg = Release|x64
		{9CEA0996-31A6-4AF4-A2ED-1CA10B7A8A7A}.Release|x64.Build.0 = Release|x64
		{9CEA0996-31A6-4AF4-A2ED-1CA10B7A8A7A}.Release|x86.ActiveCfg = Release|Win32
		{9CEA0996-31A6-4AF4-A2ED-1CA10B7A8A7A}.Release|x86.Build.0 = Release|Win32
	EndGlobalSection
	GlobalSection(SolutionProperties) = preSolution
		HideSolutionNode = FALSE
	EndGlobalSection
	GlobalSection(ExtensibilityGlobals) = postSolution
		SolutionGuid = {F3C6C5B2-A8B4-46AE-8E26-DE0A593B6A1A}
	EndGlobalSection
EndGlobal
